<?xml version="1.0" encoding="utf-8"?>
<Project ToolsVersion="4.0" xmlns="http://schemas.microsoft.com/developer/msbuild/2003">
  <ItemGroup>
    <ClCompile Include="src\testApp.cpp">
      <Filter>src</Filter>
    </ClCompile>
    <ClCompile Include="src\main.cpp">
      <Filter>src</Filter>
    </ClCompile>
    <ClCompile Include="..\..\..\addons\ofxKinectSDK_FaceTracking\src\FTHelper.cpp">
      <Filter>ofxKinectSDK_FaceTracking\src</Filter>
    </ClCompile>
    <ClCompile Include="..\..\..\addons\ofxKinectSDK_FaceTracking\src\KinectSensor.cpp">
      <Filter>ofxKinectSDK_FaceTracking\src</Filter>
    </ClCompile>
    <ClCompile Include="..\..\..\addons\ofxKinectSDK_FaceTracking\src\SingleFace.cpp">
      <Filter>ofxKinectSDK_FaceTracking\src</Filter>
    </ClCompile>
    <ClCompile Include="..\..\..\addons\ofxKinectSDK_FaceTracking\src\stdafx.cpp">
      <Filter>ofxKinectSDK_FaceTracking\src</Filter>
    </ClCompile>
    <ClCompile Include="..\..\..\addons\ofxKinectSDK_FaceTracking\src\Visualize.cpp">
      <Filter>ofxKinectSDK_FaceTracking\src</Filter>
    </ClCompile>
  </ItemGroup>
  <ItemGroup>
    <Filter Include="src">
      <UniqueIdentifier>{d8376475-7454-4a24-b08a-aac121d3ad6f}</UniqueIdentifier>
    </Filter>
    <Filter Include="ofxKinectSDK_FaceTracking">
      <UniqueIdentifier>{0e5c0c28-c6d7-4822-b3c8-1c1b2a518b81}</UniqueIdentifier>
    </Filter>
    <Filter Include="ofxKinectSDK_FaceTracking\src">
      <UniqueIdentifier>{1837b16c-1d06-45e9-8f72-35eb61f8a332}</UniqueIdentifier>
    </Filter>
  </ItemGroup>
  <ItemGroup>
    <ClInclude Include="src\testApp.h">
      <Filter>src</Filter>
    </ClInclude>
    <ClInclude Include="..\..\..\addons\ofxKinectSDK_FaceTracking\src\FTHelper.h">
      <Filter>ofxKinectSDK_FaceTracking\src</Filter>
    </ClInclude>
    <ClInclude Include="..\..\..\addons\ofxKinectSDK_FaceTracking\src\KinectSensor.h">
      <Filter>ofxKinectSDK_FaceTracking\src</Filter>
    </ClInclude>
    <ClInclude Include="..\..\..\addons\ofxKinectSDK_FaceTracking\src\Options.h">
      <Filter>ofxKinectSDK_FaceTracking\src</Filter>
    </ClInclude>
    <ClInclude Include="..\..\..\addons\ofxKinectSDK_FaceTracking\src\Resource.h">
      <Filter>ofxKinectSDK_FaceTracking\src</Filter>
    </ClInclude>
    <ClInclude Include="..\..\..\addons\ofxKinectSDK_FaceTracking\src\SingleFace.h">
      <Filter>ofxKinectSDK_FaceTracking\src</Filter>
    </ClInclude>
    <ClInclude Include="..\..\..\addons\ofxKinectSDK_FaceTracking\src\stdafx.h">
      <Filter>ofxKinectSDK_FaceTracking\src</Filter>
    </ClInclude>
    <ClInclude Include="..\..\..\addons\ofxKinectSDK_FaceTracking\src\targetver.h">
      <Filter>ofxKinectSDK_FaceTracking\src</Filter>
    </ClInclude>
    <ClInclude Include="..\..\..\addons\ofxKinectSDK_FaceTracking\src\Visualize.h">
      <Filter>ofxKinectSDK_FaceTracking\src</Filter>
    </ClInclude>
  </ItemGroup>
</Project>